
Microsoft Visual Studio Solution File, Format Version 12.00
# Visual Studio Version 17
VisualStudioVersion = 17.4.33103.184
MinimumVisualStudioVersion = 10.0.40219.1
Project("{FAE04EC0-301F-11D3-BF4B-00C04F79EFBC}") = "form", "form\form.csproj", "{AA081A5D-917E-4D36-8B1B-2B9811F4CE10}"
EndProject
Global
	GlobalSection(SolutionConfigurationPlatforms) = preSolution
		Debug|Any CPU = Debug|Any CPU
		Release|Any CPU = Release|Any CPU
	EndGlobalSection
	GlobalSection(ProjectConfigurationPlatforms) = postSolution
		{AA081A5D-917E-4D36-8B1B-2B9811F4CE10}.Debug|Any CPU.ActiveCfg = Debug|Any CPU
		{AA081A5D-917E-4D36-8B1B-2B9811F4CE10}.Debug|Any CPU.Build.0 = Debug|Any CPU
		{AA081A5D-917E-4D36-8B1B-2B9811F4CE10}.Release|Any CPU.ActiveCfg = Release|Any CPU
		{AA081A5D-917E-4D36-8B1B-2B9811F4CE10}.Release|Any CPU.Build.0 = Release|Any CPU
	EndGlobalSection
	GlobalSection(SolutionProperties) = preSolution
		HideSolutionNode = FALSE
	EndGlobalSection
	GlobalSection(ExtensibilityGlobals) = postSolution
		SolutionGuid = {077FF30C-1F43-44EC-9585-9E13B34B0BD5}
	EndGlobalSection
EndGlobal
